
Microsoft Visual Studio Solution File, Format Version 12.00
# Visual Studio Version 17
VisualStudioVersion = 17.8.34408.163
MinimumVisualStudioVersion = 10.0.40219.1
Project("{FAE04EC0-301F-11D3-BF4B-00C04F79EFBC}") = "VideoHLS", "VideoHLS\VideoHLS.csproj", "{D1D09813-EA18-412F-9F51-45904E4F5CCE}"
EndProject
Global
	GlobalSection(SolutionConfigurationPlatforms) = preSolution
		Debug|Any CPU = Debug|Any CPU
		Release|Any CPU = Release|Any CPU
	EndGlobalSection
	GlobalSection(ProjectConfigurationPlatforms) = postSolution
		{D1D09813-EA18-412F-9F51-45904E4F5CCE}.Debug|Any CPU.ActiveCfg = Debug|Any CPU
		{D1D09813-EA18-412F-9F51-45904E4F5CCE}.Debug|Any CPU.Build.0 = Debug|Any CPU
		{D1D09813-EA18-412F-9F51-45904E4F5CCE}.Release|Any CPU.ActiveCfg = Release|Any CPU
		{D1D09813-EA18-412F-9F51-45904E4F5CCE}.Release|Any CPU.Build.0 = Release|Any CPU
	EndGlobalSection
	GlobalSection(SolutionProperties) = preSolution
		HideSolutionNode = FALSE
	EndGlobalSection
	GlobalSection(ExtensibilityGlobals) = postSolution
		SolutionGuid = {6D34B499-C5D5-4C68-9966-AE26D4782C6A}
	EndGlobalSection
EndGlobal
